// !$*UTF8*$!
{
	archiveVersion = 1;
	classes = {
	};
	objectVersion = 56;
	objects = {

/* Begin PBXBuildFile section */
		3832157B296BCA9900D8C127 /* ResApp.swift in Sources */ = {isa = PBXBuildFile; fileRef = 3832157A296BCA9900D8C127 /* ResApp.swift */; };
		3832157D296BCA9900D8C127 /* ContentView.swift in Sources */ = {isa = PBXBuildFile; fileRef = 3832157C296BCA9900D8C127 /* ContentView.swift */; };
		3832157F296BCA9900D8C127 /* Assets.xcassets in Resources */ = {isa = PBXBuildFile; fileRef = 3832157E296BCA9900D8C127 /* Assets.xcassets */; };
		38321582296BCA9900D8C127 /* Preview Assets.xcassets in Resources */ = {isa = PBXBuildFile; fileRef = 38321581296BCA9900D8C127 /* Preview Assets.xcassets */; };
		3844E2E5296DCAD900736456 /* File.swift in Sources */ = {isa = PBXBuildFile; fileRef = 3844E2E4296DCAD900736456 /* File.swift */; };
		3844E2E7296DE1F900736456 /* Recipes.swift in Sources */ = {isa = PBXBuildFile; fileRef = 3844E2E6296DE1F900736456 /* Recipes.swift */; };
		3844E2E9296DE69A00736456 /* splash.swift in Sources */ = {isa = PBXBuildFile; fileRef = 3844E2E8296DE69A00736456 /* splash.swift */; };
		3844E2EB296DE9F600736456 /* Favorites.swift in Sources */ = {isa = PBXBuildFile; fileRef = 3844E2EA296DE9F600736456 /* Favorites.swift */; };
		3844E2ED296DF51800736456 /* MyRecipes.swift in Sources */ = {isa = PBXBuildFile; fileRef = 3844E2EC296DF51800736456 /* MyRecipes.swift */; };
		3844E342296E659D00736456 /* Database.swift in Sources */ = {isa = PBXBuildFile; fileRef = 3844E341296E659D00736456 /* Database.swift */; };
		3844E344296E65BE00736456 /* Content_ViewModel.swift in Sources */ = {isa = PBXBuildFile; fileRef = 3844E343296E65BE00736456 /* Content_ViewModel.swift */; };
		3844E346296E660F00736456 /* model.swift in Sources */ = {isa = PBXBuildFile; fileRef = 3844E345296E660F00736456 /* model.swift */; };
		38CED586296FBF7C003110D3 /* addMyRecipes.swift in Sources */ = {isa = PBXBuildFile; fileRef = 38CED585296FBF7C003110D3 /* addMyRecipes.swift */; };
		38CED588296FBFC6003110D3 /* Recipe.swift in Sources */ = {isa = PBXBuildFile; fileRef = 38CED587296FBFC6003110D3 /* Recipe.swift */; };
/* End PBXBuildFile section */

/* Begin PBXFileReference section */
		38321577296BCA9900D8C127 /* Res.app */ = {isa = PBXFileReference; explicitFileType = wrapper.application; includeInIndex = 0; path = Res.app; sourceTree = BUILT_PRODUCTS_DIR; };
		3832157A296BCA9900D8C127 /* ResApp.swift */ = {isa = PBXFileReference; lastKnownFileType = sourcecode.swift; path = ResApp.swift; sourceTree = "<group>"; };
		3832157C296BCA9900D8C127 /* ContentView.swift */ = {isa = PBXFileReference; lastKnownFileType = sourcecode.swift; path = ContentView.swift; sourceTree = "<group>"; };
		3832157E296BCA9900D8C127 /* Assets.xcassets */ = {isa = PBXFileReference; lastKnownFileType = folder.assetcatalog; path = Assets.xcassets; sourceTree = "<group>"; };
		38321581296BCA9900D8C127 /* Preview Assets.xcassets */ = {isa = PBXFileReference; lastKnownFileType = folder.assetcatalog; path = "Preview Assets.xcassets"; sourceTree = "<group>"; };
		3844E2E4296DCAD900736456 /* File.swift */ = {isa = PBXFileReference; lastKnownFileType = sourcecode.swift; path = File.swift; sourceTree = "<group>"; };
		3844E2E6296DE1F900736456 /* Recipes.swift */ = {isa = PBXFileReference; lastKnownFileType = sourcecode.swift; path = Recipes.swift; sourceTree = "<group>"; };
		3844E2E8296DE69A00736456 /* splash.swift */ = {isa = PBXFileReference; lastKnownFileType = sourcecode.swift; path = splash.swift; sourceTree = "<group>"; };
		3844E2EA296DE9F600736456 /* Favorites.swift */ = {isa = PBXFileReference; lastKnownFileType = sourcecode.swift; path = Favorites.swift; sourceTree = "<group>"; };
		3844E2EC296DF51800736456 /* MyRecipes.swift */ = {isa = PBXFileReference; lastKnownFileType = sourcecode.swift; path = MyRecipes.swift; sourceTree = "<group>"; };
		3844E339296E628F00736456 /* Database.swift */ = {isa = PBXFileReference; fileEncoding = 4; lastKnownFileType = sourcecode.swift; name = Database.swift; path = ../../likes/likes/Database.swift; sourceTree = "<group>"; };
		3844E341296E659D00736456 /* Database.swift */ = {isa = PBXFileReference; lastKnownFileType = sourcecode.swift; path = Database.swift; sourceTree = "<group>"; };
		3844E343296E65BE00736456 /* Content_ViewModel.swift */ = {isa = PBXFileReference; lastKnownFileType = sourcecode.swift; path = Content_ViewModel.swift; sourceTree = "<group>"; };
		3844E345296E660F00736456 /* model.swift */ = {isa = PBXFileReference; lastKnownFileType = sourcecode.swift; path = model.swift; sourceTree = "<group>"; };
		38CED585296FBF7C003110D3 /* addMyRecipes.swift */ = {isa = PBXFileReference; lastKnownFileType = sourcecode.swift; path = addMyRecipes.swift; sourceTree = "<group>"; };
		38CED587296FBFC6003110D3 /* Recipe.swift */ = {isa = PBXFileReference; lastKnownFileType = sourcecode.swift; path = Recipe.swift; sourceTree = "<group>"; };
/* End PBXFileReference section */

/* Begin PBXFrameworksBuildPhase section */
		38321574296BCA9900D8C127 /* Frameworks */ = {
			isa = PBXFrameworksBuildPhase;
			buildActionMask = 2147483647;
			files = (
			);
			runOnlyForDeploymentPostprocessing = 0;
		};
/* End PBXFrameworksBuildPhase section */

/* Begin PBXGroup section */
		3832156E296BCA9800D8C127 = {
			isa = PBXGroup;
			children = (
				38321579296BCA9900D8C127 /* Res */,
				38321578296BCA9900D8C127 /* Products */,
			);
			sourceTree = "<group>";
		};
		38321578296BCA9900D8C127 /* Products */ = {
			isa = PBXGroup;
			children = (
				38321577296BCA9900D8C127 /* Res.app */,
			);
			name = Products;
			sourceTree = "<group>";
		};
		38321579296BCA9900D8C127 /* Res */ = {
			isa = PBXGroup;
			children = (
				3832157A296BCA9900D8C127 /* ResApp.swift */,
				3832157C296BCA9900D8C127 /* ContentView.swift */,
				3844E2E8296DE69A00736456 /* splash.swift */,
				3844E2EA296DE9F600736456 /* Favorites.swift */,
				3844E2EC296DF51800736456 /* MyRecipes.swift */,
				3844E2E4296DCAD900736456 /* File.swift */,
				3844E339296E628F00736456 /* Database.swift */,
				3844E341296E659D00736456 /* Database.swift */,
				3844E343296E65BE00736456 /* Content_ViewModel.swift */,
				3844E345296E660F00736456 /* model.swift */,
				3844E2E6296DE1F900736456 /* Recipes.swift */,
				38CED585296FBF7C003110D3 /* addMyRecipes.swift */,
				38CED587296FBFC6003110D3 /* Recipe.swift */,
				3832157E296BCA9900D8C127 /* Assets.xcassets */,
				38321580296BCA9900D8C127 /* Preview Content */,
			);
			path = Res;
			sourceTree = "<group>";
		};
		38321580296BCA9900D8C127 /* Preview Content */ = {
			isa = PBXGroup;
			children = (
				38321581296BCA9900D8C127 /* Preview Assets.xcassets */,
			);
			path = "Preview Content";
			sourceTree = "<group>";
		};
/* End PBXGroup section */

/* Begin PBXNativeTarget section */
		38321576296BCA9900D8C127 /* Res */ = {
			isa = PBXNativeTarget;
			buildConfigurationList = 38321585296BCA9900D8C127 /* Build configuration list for PBXNativeTarget "Res" */;
			buildPhases = (
				38321573296BCA9900D8C127 /* Sources */,
				38321574296BCA9900D8C127 /* Frameworks */,
				38321575296BCA9900D8C127 /* Resources */,
			);
			buildRules = (
			);
			dependencies = (
			);
			name = Res;
			productName = Res;
			productReference = 38321577296BCA9900D8C127 /* Res.app */;
			productType = "com.apple.product-type.application";
		};
/* End PBXNativeTarget section */

/* Begin PBXProject section */
		3832156F296BCA9800D8C127 /* Project object */ = {
			isa = PBXProject;
			attributes = {
				BuildIndependentTargetsInParallel = 1;
				LastSwiftUpdateCheck = 1420;
				LastUpgradeCheck = 1420;
				TargetAttributes = {
					38321576296BCA9900D8C127 = {
						CreatedOnToolsVersion = 14.2;
					};
				};
			};
			buildConfigurationList = 38321572296BCA9800D8C127 /* Build configuration list for PBXProject "Res" */;
			compatibilityVersion = "Xcode 14.0";
			developmentRegion = en;
			hasScannedForEncodings = 0;
			knownRegions = (
				en,
				Base,
			);
			mainGroup = 3832156E296BCA9800D8C127;
			productRefGroup = 38321578296BCA9900D8C127 /* Products */;
			projectDirPath = "";
			projectRoot = "";
			targets = (
				38321576296BCA9900D8C127 /* Res */,
			);
		};
/* End PBXProject section */

/* Begin PBXResourcesBuildPhase section */
		38321575296BCA9900D8C127 /* Resources */ = {
			isa = PBXResourcesBuildPhase;
			buildActionMask = 2147483647;
			files = (
				38321582296BCA9900D8C127 /* Preview Assets.xcassets in Resources */,
				3832157F296BCA9900D8C127 /* Assets.xcassets in Resources */,
			);
			runOnlyForDeploymentPostprocessing = 0;
		};
/* End PBXResourcesBuildPhase section */

/* Begin PBXSourcesBuildPhase section */
		38321573296BCA9900D8C127 /* Sources */ = {
			isa = PBXSourcesBuildPhase;
			buildActionMask = 2147483647;
			files = (
				3844E2E9296DE69A00736456 /* splash.swift in Sources */,
				3832157D296BCA9900D8C127 /* ContentView.swift in Sources */,
				3844E2E5296DCAD900736456 /* File.swift in Sources */,
				38CED588296FBFC6003110D3 /* Recipe.swift in Sources */,
				3844E2EB296DE9F600736456 /* Favorites.swift in Sources */,
				3844E2ED296DF51800736456 /* MyRecipes.swift in Sources */,
				3844E346296E660F00736456 /* model.swift in Sources */,
				38CED586296FBF7C003110D3 /* addMyRecipes.swift in Sources */,
				3832157B296BCA9900D8C127 /* ResApp.swift in Sources */,
				3844E344296E65BE00736456 /* Content_ViewModel.swift in Sources */,
				3844E342296E659D00736456 /* Database.swift in Sources */,
				3844E2E7296DE1F900736456 /* Recipes.swift in Sources */,
			);
			runOnlyForDeploymentPostprocessing = 0;
		};
/* End PBXSourcesBuildPhase section */

/* Begin XCBuildConfiguration section */
		38321583296BCA9900D8C127 /* Debug */ = {
			isa = XCBuildConfiguration;
			buildSettings = {
				ALWAYS_SEARCH_USER_PATHS = NO;
				CLANG_ANALYZER_NONNULL = YES;
				CLANG_ANALYZER_NUMBER_OBJECT_CONVERSION = YES_AGGRESSIVE;
				CLANG_CXX_LANGUAGE_STANDARD = "gnu++20";
				CLANG_ENABLE_MODULES = YES;
				CLANG_ENABLE_OBJC_ARC = YES;
				CLANG_ENABLE_OBJC_WEAK = YES;
				CLANG_WARN_BLOCK_CAPTURE_AUTORELEASING = YES;
				CLANG_WARN_BOOL_CONVERSION = YES;
				CLANG_WARN_COMMA = YES;
				CLANG_WARN_CONSTANT_CONVERSION = YES;
				CLANG_WARN_DEPRECATED_OBJC_IMPLEMENTATIONS = YES;
				CLANG_WARN_DIRECT_OBJC_ISA_USAGE = YES_ERROR;
				CLANG_WARN_DOCUMENTATION_COMMENTS = YES;
				CLANG_WARN_EMPTY_BODY = YES;
				CLANG_WARN_ENUM_CONVERSION = YES;
				CLANG_WARN_INFINITE_RECURSION = YES;
				CLANG_WARN_INT_CONVERSION = YES;
				CLANG_WARN_NON_LITERAL_NULL_CONVERSION = YES;
				CLANG_WARN_OBJC_IMPLICIT_RETAIN_SELF = YES;
				CLANG_WARN_OBJC_LITERAL_CONVERSION = YES;
				CLANG_WARN_OBJC_ROOT_CLASS = YES_ERROR;
				CLANG_WARN_QUOTED_INCLUDE_IN_FRAMEWORK_HEADER = YES;
				CLANG_WARN_RANGE_LOOP_ANALYSIS = YES;
				CLANG_WARN_STRICT_PROTOTYPES = YES;
				CLANG_WARN_SUSPICIOUS_MOVE = YES;
				CLANG_WARN_UNGUARDED_AVAILABILITY = YES_AGGRESSIVE;
				CLANG_WARN_UNREACHABLE_CODE = YES;
				CLANG_WARN__DUPLICATE_METHOD_MATCH = YES;
				COPY_PHASE_STRIP = NO;
				DEBUG_INFORMATION_FORMAT = dwarf;
				ENABLE_STRICT_OBJC_MSGSEND = YES;
				ENABLE_TESTABILITY = YES;
				GCC_C_LANGUAGE_STANDARD = gnu11;
				GCC_DYNAMIC_NO_PIC = NO;
				GCC_NO_COMMON_BLOCKS = YES;
				GCC_OPTIMIZATION_LEVEL = 0;
				GCC_PREPROCESSOR_DEFINITIONS = (
					"DEBUG=1",
					"$(inherited)",
				);
				GCC_WARN_64_TO_32_BIT_CONVERSION = YES;
				GCC_WARN_ABOUT_RETURN_TYPE = YES_ERROR;
				GCC_WARN_UNDECLARED_SELECTOR = YES;
				GCC_WARN_UNINITIALIZED_AUTOS = YES_AGGRESSIVE;
				GCC_WARN_UNUSED_FUNCTION = YES;
				GCC_WARN_UNUSED_VARIABLE = YES;
				IPHONEOS_DEPLOYMENT_TARGET = 16.2;
				MTL_ENABLE_DEBUG_INFO = INCLUDE_SOURCE;
				MTL_FAST_MATH = YES;
				ONLY_ACTIVE_ARCH = YES;
				SDKROOT = iphoneos;
				SWIFT_ACTIVE_COMPILATION_CONDITIONS = DEBUG;
				SWIFT_OPTIMIZATION_LEVEL = "-Onone";
			};
			name = Debug;
		};
		38321584296BCA9900D8C127 /* Release */ = {
			isa = XCBuildConfiguration;
			buildSettings = {
				ALWAYS_SEARCH_USER_PATHS = NO;
				CLANG_ANALYZER_NONNULL = YES;
				CLANG_ANALYZER_NUMBER_OBJECT_CONVERSION = YES_AGGRESSIVE;
				CLANG_CXX_LANGUAGE_STANDARD = "gnu++20";
				CLANG_ENABLE_MODULES = YES;
				CLANG_ENABLE_OBJC_ARC = YES;
				CLANG_ENABLE_OBJC_WEAK = YES;
				CLANG_WARN_BLOCK_CAPTURE_AUTORELEASING = YES;
				CLANG_WARN_BOOL_CONVERSION = YES;
				CLANG_WARN_COMMA = YES;
				CLANG_WARN_CONSTANT_CONVERSION = YES;
				CLANG_WARN_DEPRECATED_OBJC_IMPLEMENTATIONS = YES;
				CLANG_WARN_DIRECT_OBJC_ISA_USAGE = YES_ERROR;
				CLANG_WARN_DOCUMENTATION_COMMENTS = YES;
				CLANG_WARN_EMPTY_BODY = YES;
				CLANG_WARN_ENUM_CONVERSION = YES;
				CLANG_WARN_INFINITE_RECURSION = YES;
				CLANG_WARN_INT_CONVERSION = YES;
				CLANG_WARN_NON_LITERAL_NULL_CONVERSION = YES;
				CLANG_WARN_OBJC_IMPLICIT_RETAIN_SELF = YES;
				CLANG_WARN_OBJC_LITERAL_CONVERSION = YES;
				CLANG_WARN_OBJC_ROOT_CLASS = YES_ERROR;
				CLANG_WARN_QUOTED_INCLUDE_IN_FRAMEWORK_HEADER = YES;
				CLANG_WARN_RANGE_LOOP_ANALYSIS = YES;
				CLANG_WARN_STRICT_PROTOTYPES = YES;
				CLANG_WARN_SUSPICIOUS_MOVE = YES;
				CLANG_WARN_UNGUARDED_AVAILABILITY = YES_AGGRESSIVE;
				CLANG_WARN_UNREACHABLE_CODE = YES;
				CLANG_WARN__DUPLICATE_METHOD_MATCH = YES;
				COPY_PHASE_STRIP = NO;
				DEBUG_INFORMATION_FORMAT = "dwarf-with-dsym";
				ENABLE_NS_ASSERTIONS = NO;
				ENABLE_STRICT_OBJC_MSGSEND = YES;
				GCC_C_LANGUAGE_STANDARD = gnu11;
				GCC_NO_COMMON_BLOCKS = YES;
				GCC_WARN_64_TO_32_BIT_CONVERSION = YES;
				GCC_WARN_ABOUT_RETURN_TYPE = YES_ERROR;
				GCC_WARN_UNDECLARED_SELECTOR = YES;
				GCC_WARN_UNINITIALIZED_AUTOS = YES_AGGRESSIVE;
				GCC_WARN_UNUSED_FUNCTION = YES;
				GCC_WARN_UNUSED_VARIABLE = YES;
				IPHONEOS_DEPLOYMENT_TARGET = 16.2;
				MTL_ENABLE_DEBUG_INFO = NO;
				MTL_FAST_MATH = YES;
				SDKROOT = iphoneos;
				SWIFT_COMPILATION_MODE = wholemodule;
				SWIFT_OPTIMIZATION_LEVEL = "-O";
				VALIDATE_PRODUCT = YES;
			};
			name = Release;
		};
		38321586296BCA9900D8C127 /* Debug */ = {
			isa = XCBuildConfiguration;
			buildSettings = {
				ASSETCATALOG_COMPILER_APPICON_NAME = AppIcon;
				ASSETCATALOG_COMPILER_GLOBAL_ACCENT_COLOR_NAME = AccentColor;
				CODE_SIGN_STYLE = Automatic;
				CURRENT_PROJECT_VERSION = 1;
				DEVELOPMENT_ASSET_PATHS = "\"Res/Preview Content\"";
				ENABLE_PREVIEWS = YES;
				GENERATE_INFOPLIST_FILE = YES;
				INFOPLIST_KEY_UIApplicationSceneManifest_Generation = YES;
				INFOPLIST_KEY_UIApplicationSupportsIndirectInputEvents = YES;
				INFOPLIST_KEY_UILaunchScreen_Generation = YES;
				INFOPLIST_KEY_UISupportedInterfaceOrientations_iPad = "UIInterfaceOrientationPortrait UIInterfaceOrientationPortraitUpsideDown UIInterfaceOrientationLandscapeLeft UIInterfaceOrientationLandscapeRight";
				INFOPLIST_KEY_UISupportedInterfaceOrientations_iPhone = "UIInterfaceOrientationPortrait UIInterfaceOrientationLandscapeLeft UIInterfaceOrientationLandscapeRight";
				LD_RUNPATH_SEARCH_PATHS = (
					"$(inherited)",
					"@executable_path/Frameworks",
				);
				MARKETING_VERSION = 1.0;
				PRODUCT_BUNDLE_IDENTIFIER = com.myOrg.Res;
				PRODUCT_NAME = "$(TARGET_NAME)";
				SWIFT_EMIT_LOC_STRINGS = YES;
				SWIFT_VERSION = 5.0;
				TARGETED_DEVICE_FAMILY = "1,2";
			};
			name = Debug;
		};
		38321587296BCA9900D8C127 /* Release */ = {
			isa = XCBuildConfiguration;
			buildSettings = {
				ASSETCATALOG_COMPILER_APPICON_NAME = AppIcon;
				ASSETCATALOG_COMPILER_GLOBAL_ACCENT_COLOR_NAME = AccentColor;
				CODE_SIGN_STYLE = Automatic;
				CURRENT_PROJECT_VERSION = 1;
				DEVELOPMENT_ASSET_PATHS = "\"Res/Preview Content\"";
				ENABLE_PREVIEWS = YES;
				GENERATE_INFOPLIST_FILE = YES;
				INFOPLIST_KEY_UIApplicationSceneManifest_Generation = YES;
				INFOPLIST_KEY_UIApplicationSupportsIndirectInputEvents = YES;
				INFOPLIST_KEY_UILaunchScreen_Generation = YES;
				INFOPLIST_KEY_UISupportedInterfaceOrientations_iPad = "UIInterfaceOrientationPortrait UIInterfaceOrientationPortraitUpsideDown UIInterfaceOrientationLandscapeLeft UIInterfaceOrientationLandscapeRight";
				INFOPLIST_KEY_UISupportedInterfaceOrientations_iPhone = "UIInterfaceOrientationPortrait UIInterfaceOrientationLandscapeLeft UIInterfaceOrientationLandscapeRight";
				LD_RUNPATH_SEARCH_PATHS = (
					"$(inherited)",
					"@executable_path/Frameworks",
				);
				MARKETING_VERSION = 1.0;
				PRODUCT_BUNDLE_IDENTIFIER = com.myOrg.Res;
				PRODUCT_NAME = "$(TARGET_NAME)";
				SWIFT_EMIT_LOC_STRINGS = YES;
				SWIFT_VERSION = 5.0;
				TARGETED_DEVICE_FAMILY = "1,2";
			};
			name = Release;
		};
/* End XCBuildConfiguration section */

/* Begin XCConfigurationList section */
		38321572296BCA9800D8C127 /* Build configuration list for PBXProject "Res" */ = {
			isa = XCConfigurationList;
			buildConfigurations = (
				38321583296BCA9900D8C127 /* Debug */,
				38321584296BCA9900D8C127 /* Release */,
			);
			defaultConfigurationIsVisible = 0;
			defaultConfigurationName = Release;
		};
		38321585296BCA9900D8C127 /* Build configuration list for PBXNativeTarget "Res" */ = {
			isa = XCConfigurationList;
			buildConfigurations = (
				38321586296BCA9900D8C127 /* Debug */,
				38321587296BCA9900D8C127 /* Release */,
			);
			defaultConfigurationIsVisible = 0;
			defaultConfigurationName = Release;
		};
/* End XCConfigurationList section */
	};
	rootObject = 3832156F296BCA9800D8C127 /* Project object */;
}
